
Microsoft Visual Studio Solution File, Format Version 12.00
# Visual Studio Version 17
VisualStudioVersion = 17.2.32616.157
MinimumVisualStudioVersion = 10.0.40219.1
Project("{8BC9CEB8-8B4A-11D0-8D11-00A0C91BC942}") = "Spalduing", "Spalduing.vcxproj", "{86296430-F2EC-4517-99C1-C07F4DDB1801}"
EndProject
Project("{8BC9CEB8-8B4A-11D0-8D11-00A0C91BC942}") = "Bottom_Diagonal", "Bottom_Diagonal\Bottom_Diagonal.vcxproj", "{C634A620-D2E0-4690-A1CC-64AF07765EA0}"
EndProject
Project("{8BC9CEB8-8B4A-11D0-8D11-00A0C91BC942}") = "Bracket_Match", "Bracket_Match\Bracket_Match.vcxproj", "{D63C8E3D-8C8E-4F39-B985-B521EC8FD9DB}"
EndProject
Project("{8BC9CEB8-8B4A-11D0-8D11-00A0C91BC942}") = "Dinamic_Array", "Dinamic_Array\Dinamic_Array.vcxproj", "{4DC28137-CE31-47AC-A460-5E1E97A26DF8}"
EndProject
Project("{8BC9CEB8-8B4A-11D0-8D11-00A0C91BC942}") = "Doubly_Linked_List", "Doubly_Linked_List\Doubly_Linked_List.vcxproj", "{8E562560-BB65-4A1A-B6B9-DC1910099200}"
EndProject
Project("{8BC9CEB8-8B4A-11D0-8D11-00A0C91BC942}") = "Evens_and_Odds", "Evens_and_Odds\Evens_and_Odds.vcxproj", "{35CF525C-0924-4E8B-A4E8-E5EA77811B23}"
EndProject
Project("{8BC9CEB8-8B4A-11D0-8D11-00A0C91BC942}") = "Factorial", "Factorial\Factorial.vcxproj", "{8F5C03C3-13BA-43AA-BA3F-5D224979CB16}"
EndProject
Project("{8BC9CEB8-8B4A-11D0-8D11-00A0C91BC942}") = "Generate_Random_Numbers", "Generate_Random_Numbers\Generate_Random_Numbers.vcxproj", "{728FBFD5-4252-4616-B621-8AFBC1B7D0AC}"
EndProject
Project("{8BC9CEB8-8B4A-11D0-8D11-00A0C91BC942}") = "Histogram", "Histogram\Histogram.vcxproj", "{825A0B50-BC99-4402-81E8-9BBD2EC7313F}"
EndProject
Project("{8BC9CEB8-8B4A-11D0-8D11-00A0C91BC942}") = "isPalindrome", "isPalindrome\isPalindrome.vcxproj", "{D221D3F3-028D-4ABA-89E3-83DCA864DADE}"
EndProject
Project("{8BC9CEB8-8B4A-11D0-8D11-00A0C91BC942}") = "Multiple_of_3_or_5", "Multiple_of_3_or_5\Multiple_of_3_or_5.vcxproj", "{042251F6-0802-4924-851D-A3F48C2B0BD0}"
EndProject
Project("{8BC9CEB8-8B4A-11D0-8D11-00A0C91BC942}") = "Multiplication_Table", "Multiplication_Table\Multiplication_Table.vcxproj", "{7D24C498-30B0-4C09-9618-7CD65DC280B3}"
EndProject
Project("{8BC9CEB8-8B4A-11D0-8D11-00A0C91BC942}") = "Print_Square", "Print_Square\Print_Square.vcxproj", "{EAF3B0B5-A4D4-4184-BA9D-D7CE6BCB7F95}"
EndProject
Project("{8BC9CEB8-8B4A-11D0-8D11-00A0C91BC942}") = "Queue", "Queue\Queue.vcxproj", "{ED973FE3-2667-433D-A1FC-E85B3EB33205}"
EndProject
Project("{8BC9CEB8-8B4A-11D0-8D11-00A0C91BC942}") = "Reverse_Botton_Diagonal", "Reverse_Botton_Diagonal\Reverse_Botton_Diagonal.vcxproj", "{BCB177D1-4344-44DC-8225-A6D3523FB974}"
EndProject
Project("{8BC9CEB8-8B4A-11D0-8D11-00A0C91BC942}") = "Reverse_Upper_Diagonal", "Reverse_Upper_Diagonal\Reverse_Upper_Diagonal.vcxproj", "{91A7BF1A-3E51-461C-BEBF-E86560C7F75F}"
EndProject
Project("{8BC9CEB8-8B4A-11D0-8D11-00A0C91BC942}") = "Single_Linked_List", "Single_Linked_List\Single_Linked_List.vcxproj", "{51CC2A07-0F0E-44F1-B924-2C086B9CDE9E}"
EndProject
Project("{8BC9CEB8-8B4A-11D0-8D11-00A0C91BC942}") = "Stack", "Stack\Stack.vcxproj", "{43AAAFF3-560B-4B9F-8701-C2C90D5F1075}"
EndProject
Project("{8BC9CEB8-8B4A-11D0-8D11-00A0C91BC942}") = "Swap_Number", "Swap_Number\Swap_Number.vcxproj", "{7CE1D64E-4DBB-4F59-8E86-5C2BEE8B5E03}"
EndProject
Project("{8BC9CEB8-8B4A-11D0-8D11-00A0C91BC942}") = "Take_a_Ten_Minute_Walk", "Take_a_Ten_Minute_Walk\Take_a_Ten_Minute_Walk.vcxproj", "{2DB04884-8F26-4E2A-91F1-5614F02C7AF1}"
EndProject
Project("{8BC9CEB8-8B4A-11D0-8D11-00A0C91BC942}") = "Tribonacci", "Tribonacci\Tribonacci.vcxproj", "{025E2F2D-9FFE-4F4A-BD67-314FCF77D44F}"
EndProject
Project("{8BC9CEB8-8B4A-11D0-8D11-00A0C91BC942}") = "Upper_Diagonal", "Upper_Diagonal\Upper_Diagonal.vcxproj", "{8E7A4175-A60C-4780-AF59-6942CA85FFE8}"
EndProject
Project("{8BC9CEB8-8B4A-11D0-8D11-00A0C91BC942}") = "X_O", "X_O\X_O.vcxproj", "{EA7CEFA9-52EB-4812-BB45-F0856A097A33}"
EndProject
Global
	GlobalSection(SolutionConfigurationPlatforms) = preSolution
		Debug|x64 = Debug|x64
		Debug|x86 = Debug|x86
		Release|x64 = Release|x64
		Release|x86 = Release|x86
	EndGlobalSection
	GlobalSection(ProjectConfigurationPlatforms) = postSolution
		{86296430-F2EC-4517-99C1-C07F4DDB1801}.Debug|x64.ActiveCfg = Debug|x64
		{86296430-F2EC-4517-99C1-C07F4DDB1801}.Debug|x64.Build.0 = Debug|x64
		{86296430-F2EC-4517-99C1-C07F4DDB1801}.Debug|x86.ActiveCfg = Debug|Win32
		{86296430-F2EC-4517-99C1-C07F4DDB1801}.Debug|x86.Build.0 = Debug|Win32
		{86296430-F2EC-4517-99C1-C07F4DDB1801}.Release|x64.ActiveCfg = Release|x64
		{86296430-F2EC-4517-99C1-C07F4DDB1801}.Release|x64.Build.0 = Release|x64
		{86296430-F2EC-4517-99C1-C07F4DDB1801}.Release|x86.ActiveCfg = Release|Win32
		{86296430-F2EC-4517-99C1-C07F4DDB1801}.Release|x86.Build.0 = Release|Win32
		{C634A620-D2E0-4690-A1CC-64AF07765EA0}.Debug|x64.ActiveCfg = Debug|x64
		{C634A620-D2E0-4690-A1CC-64AF07765EA0}.Debug|x64.Build.0 = Debug|x64
		{C634A620-D2E0-4690-A1CC-64AF07765EA0}.Debug|x86.ActiveCfg = Debug|Win32
		{C634A620-D2E0-4690-A1CC-64AF07765EA0}.Debug|x86.Build.0 = Debug|Win32
		{C634A620-D2E0-4690-A1CC-64AF07765EA0}.Release|x64.ActiveCfg = Release|x64
		{C634A620-D2E0-4690-A1CC-64AF07765EA0}.Release|x64.Build.0 = Release|x64
		{C634A620-D2E0-4690-A1CC-64AF07765EA0}.Release|x86.ActiveCfg = Release|Win32
		{C634A620-D2E0-4690-A1CC-64AF07765EA0}.Release|x86.Build.0 = Release|Win32
		{D63C8E3D-8C8E-4F39-B985-B521EC8FD9DB}.Debug|x64.ActiveCfg = Debug|x64
		{D63C8E3D-8C8E-4F39-B985-B521EC8FD9DB}.Debug|x64.Build.0 = Debug|x64
		{D63C8E3D-8C8E-4F39-B985-B521EC8FD9DB}.Debug|x86.ActiveCfg = Debug|Win32
		{D63C8E3D-8C8E-4F39-B985-B521EC8FD9DB}.Debug|x86.Build.0 = Debug|Win32
		{D63C8E3D-8C8E-4F39-B985-B521EC8FD9DB}.Release|x64.ActiveCfg = Release|x64
		{D63C8E3D-8C8E-4F39-B985-B521EC8FD9DB}.Release|x64.Build.0 = Release|x64
		{D63C8E3D-8C8E-4F39-B985-B521EC8FD9DB}.Release|x86.ActiveCfg = Release|Win32
		{D63C8E3D-8C8E-4F39-B985-B521EC8FD9DB}.Release|x86.Build.0 = Release|Win32
		{4DC28137-CE31-47AC-A460-5E1E97A26DF8}.Debug|x64.ActiveCfg = Debug|x64
		{4DC28137-CE31-47AC-A460-5E1E97A26DF8}.Debug|x64.Build.0 = Debug|x64
		{4DC28137-CE31-47AC-A460-5E1E97A26DF8}.Debug|x86.ActiveCfg = Debug|Win32
		{4DC28137-CE31-47AC-A460-5E1E97A26DF8}.Debug|x86.Build.0 = Debug|Win32
		{4DC28137-CE31-47AC-A460-5E1E97A26DF8}.Release|x64.ActiveCfg = Release|x64
		{4DC28137-CE31-47AC-A460-5E1E97A26DF8}.Release|x64.Build.0 = Release|x64
		{4DC28137-CE31-47AC-A460-5E1E97A26DF8}.Release|x86.ActiveCfg = Release|Win32
		{4DC28137-CE31-47AC-A460-5E1E97A26DF8}.Release|x86.Build.0 = Release|Win32
		{8E562560-BB65-4A1A-B6B9-DC1910099200}.Debug|x64.ActiveCfg = Debug|x64
		{8E562560-BB65-4A1A-B6B9-DC1910099200}.Debug|x64.Build.0 = Debug|x64
		{8E562560-BB65-4A1A-B6B9-DC1910099200}.Debug|x86.ActiveCfg = Debug|Win32
		{8E562560-BB65-4A1A-B6B9-DC1910099200}.Debug|x86.Build.0 = Debug|Win32
		{8E562560-BB65-4A1A-B6B9-DC1910099200}.Release|x64.ActiveCfg = Release|x64
		{8E562560-BB65-4A1A-B6B9-DC1910099200}.Release|x64.Build.0 = Release|x64
		{8E562560-BB65-4A1A-B6B9-DC1910099200}.Release|x86.ActiveCfg = Release|Win32
		{8E562560-BB65-4A1A-B6B9-DC1910099200}.Release|x86.Build.0 = Release|Win32
		{35CF525C-0924-4E8B-A4E8-E5EA77811B23}.Debug|x64.ActiveCfg = Debug|x64
		{35CF525C-0924-4E8B-A4E8-E5EA77811B23}.Debug|x64.Build.0 = Debug|x64
		{35CF525C-0924-4E8B-A4E8-E5EA77811B23}.Debug|x86.ActiveCfg = Debug|Win32
		{35CF525C-0924-4E8B-A4E8-E5EA77811B23}.Debug|x86.Build.0 = Debug|Win32
		{35CF525C-0924-4E8B-A4E8-E5EA77811B23}.Release|x64.ActiveCfg = Release|x64
		{35CF525C-0924-4E8B-A4E8-E5EA77811B23}.Release|x64.Build.0 = Release|x64
		{35CF525C-0924-4E8B-A4E8-E5EA77811B23}.Release|x86.ActiveCfg = Release|Win32
		{35CF525C-0924-4E8B-A4E8-E5EA77811B23}.Release|x86.Build.0 = Release|Win32
		{8F5C03C3-13BA-43AA-BA3F-5D224979CB16}.Debug|x64.ActiveCfg = Debug|x64
		{8F5C03C3-13BA-43AA-BA3F-5D224979CB16}.Debug|x64.Build.0 = Debug|x64
		{8F5C03C3-13BA-43AA-BA3F-5D224979CB16}.Debug|x86.ActiveCfg = Debug|Win32
		{8F5C03C3-13BA-43AA-BA3F-5D224979CB16}.Debug|x86.Build.0 = Debug|Win32
		{8F5C03C3-13BA-43AA-BA3F-5D224979CB16}.Release|x64.ActiveCfg = Release|x64
		{8F5C03C3-13BA-43AA-BA3F-5D224979CB16}.Release|x64.Build.0 = Release|x64
		{8F5C03C3-13BA-43AA-BA3F-5D224979CB16}.Release|x86.ActiveCfg = Release|Win32
		{8F5C03C3-13BA-43AA-BA3F-5D224979CB16}.Release|x86.Build.0 = Release|Win32
		{728FBFD5-4252-4616-B621-8AFBC1B7D0AC}.Debug|x64.ActiveCfg = Debug|x64
		{728FBFD5-4252-4616-B621-8AFBC1B7D0AC}.Debug|x64.Build.0 = Debug|x64
		{728FBFD5-4252-4616-B621-8AFBC1B7D0AC}.Debug|x86.ActiveCfg = Debug|Win32
		{728FBFD5-4252-4616-B621-8AFBC1B7D0AC}.Debug|x86.Build.0 = Debug|Win32
		{728FBFD5-4252-4616-B621-8AFBC1B7D0AC}.Release|x64.ActiveCfg = Release|x64
		{728FBFD5-4252-4616-B621-8AFBC1B7D0AC}.Release|x64.Build.0 = Release|x64
		{728FBFD5-4252-4616-B621-8AFBC1B7D0AC}.Release|x86.ActiveCfg = Release|Win32
		{728FBFD5-4252-4616-B621-8AFBC1B7D0AC}.Release|x86.Build.0 = Release|Win32
		{825A0B50-BC99-4402-81E8-9BBD2EC7313F}.Debug|x64.ActiveCfg = Debug|x64
		{825A0B50-BC99-4402-81E8-9BBD2EC7313F}.Debug|x64.Build.0 = Debug|x64
		{825A0B50-BC99-4402-81E8-9BBD2EC7313F}.Debug|x86.ActiveCfg = Debug|Win32
		{825A0B50-BC99-4402-81E8-9BBD2EC7313F}.Debug|x86.Build.0 = Debug|Win32
		{825A0B50-BC99-4402-81E8-9BBD2EC7313F}.Release|x64.ActiveCfg = Release|x64
		{825A0B50-BC99-4402-81E8-9BBD2EC7313F}.Release|x64.Build.0 = Release|x64
		{825A0B50-BC99-4402-81E8-9BBD2EC7313F}.Release|x86.ActiveCfg = Release|Win32
		{825A0B50-BC99-4402-81E8-9BBD2EC7313F}.Release|x86.Build.0 = Release|Win32
		{D221D3F3-028D-4ABA-89E3-83DCA864DADE}.Debug|x64.ActiveCfg = Debug|x64
		{D221D3F3-028D-4ABA-89E3-83DCA864DADE}.Debug|x64.Build.0 = Debug|x64
		{D221D3F3-028D-4ABA-89E3-83DCA864DADE}.Debug|x86.ActiveCfg = Debug|Win32
		{D221D3F3-028D-4ABA-89E3-83DCA864DADE}.Debug|x86.Build.0 = Debug|Win32
		{D221D3F3-028D-4ABA-89E3-83DCA864DADE}.Release|x64.ActiveCfg = Release|x64
		{D221D3F3-028D-4ABA-89E3-83DCA864DADE}.Release|x64.Build.0 = Release|x64
		{D221D3F3-028D-4ABA-89E3-83DCA864DADE}.Release|x86.ActiveCfg = Release|Win32
		{D221D3F3-028D-4ABA-89E3-83DCA864DADE}.Release|x86.Build.0 = Release|Win32
		{042251F6-0802-4924-851D-A3F48C2B0BD0}.Debug|x64.ActiveCfg = Debug|x64
		{042251F6-0802-4924-851D-A3F48C2B0BD0}.Debug|x64.Build.0 = Debug|x64
		{042251F6-0802-4924-851D-A3F48C2B0BD0}.Debug|x86.ActiveCfg = Debug|Win32
		{042251F6-0802-4924-851D-A3F48C2B0BD0}.Debug|x86.Build.0 = Debug|Win32
		{042251F6-0802-4924-851D-A3F48C2B0BD0}.Release|x64.ActiveCfg = Release|x64
		{042251F6-0802-4924-851D-A3F48C2B0BD0}.Release|x64.Build.0 = Release|x64
		{042251F6-0802-4924-851D-A3F48C2B0BD0}.Release|x86.ActiveCfg = Release|Win32
		{042251F6-0802-4924-851D-A3F48C2B0BD0}.Release|x86.Build.0 = Release|Win32
		{7D24C498-30B0-4C09-9618-7CD65DC280B3}.Debug|x64.ActiveCfg = Debug|x64
		{7D24C498-30B0-4C09-9618-7CD65DC280B3}.Debug|x64.Build.0 = Debug|x64
		{7D24C498-30B0-4C09-9618-7CD65DC280B3}.Debug|x86.ActiveCfg = Debug|Win32
		{7D24C498-30B0-4C09-9618-7CD65DC280B3}.Debug|x86.Build.0 = Debug|Win32
		{7D24C498-30B0-4C09-9618-7CD65DC280B3}.Release|x64.ActiveCfg = Release|x64
		{7D24C498-30B0-4C09-9618-7CD65DC280B3}.Release|x64.Build.0 = Release|x64
		{7D24C498-30B0-4C09-9618-7CD65DC280B3}.Release|x86.ActiveCfg = Release|Win32
		{7D24C498-30B0-4C09-9618-7CD65DC280B3}.Release|x86.Build.0 = Release|Win32
		{EAF3B0B5-A4D4-4184-BA9D-D7CE6BCB7F95}.Debug|x64.ActiveCfg = Debug|x64
		{EAF3B0B5-A4D4-4184-BA9D-D7CE6BCB7F95}.Debug|x64.Build.0 = Debug|x64
		{EAF3B0B5-A4D4-4184-BA9D-D7CE6BCB7F95}.Debug|x86.ActiveCfg = Debug|Win32
		{EAF3B0B5-A4D4-4184-BA9D-D7CE6BCB7F95}.Debug|x86.Build.0 = Debug|Win32
		{EAF3B0B5-A4D4-4184-BA9D-D7CE6BCB7F95}.Release|x64.ActiveCfg = Release|x64
		{EAF3B0B5-A4D4-4184-BA9D-D7CE6BCB7F95}.Release|x64.Build.0 = Release|x64
		{EAF3B0B5-A4D4-4184-BA9D-D7CE6BCB7F95}.Release|x86.ActiveCfg = Release|Win32
		{EAF3B0B5-A4D4-4184-BA9D-D7CE6BCB7F95}.Release|x86.Build.0 = Release|Win32
		{ED973FE3-2667-433D-A1FC-E85B3EB33205}.Debug|x64.ActiveCfg = Debug|x64
		{ED973FE3-2667-433D-A1FC-E85B3EB33205}.Debug|x64.Build.0 = Debug|x64
		{ED973FE3-2667-433D-A1FC-E85B3EB33205}.Debug|x86.ActiveCfg = Debug|Win32
		{ED973FE3-2667-433D-A1FC-E85B3EB33205}.Debug|x86.Build.0 = Debug|Win32
		{ED973FE3-2667-433D-A1FC-E85B3EB33205}.Release|x64.ActiveCfg = Release|x64
		{ED973FE3-2667-433D-A1FC-E85B3EB33205}.Release|x64.Build.0 = Release|x64
		{ED973FE3-2667-433D-A1FC-E85B3EB33205}.Release|x86.ActiveCfg = Release|Win32
		{ED973FE3-2667-433D-A1FC-E85B3EB33205}.Release|x86.Build.0 = Release|Win32
		{BCB177D1-4344-44DC-8225-A6D3523FB974}.Debug|x64.ActiveCfg = Debug|x64
		{BCB177D1-4344-44DC-8225-A6D3523FB974}.Debug|x64.Build.0 = Debug|x64
		{BCB177D1-4344-44DC-8225-A6D3523FB974}.Debug|x86.ActiveCfg = Debug|Win32
		{BCB177D1-4344-44DC-8225-A6D3523FB974}.Debug|x86.Build.0 = Debug|Win32
		{BCB177D1-4344-44DC-8225-A6D3523FB974}.Release|x64.ActiveCfg = Release|x64
		{BCB177D1-4344-44DC-8225-A6D3523FB974}.Release|x64.Build.0 = Release|x64
		{BCB177D1-4344-44DC-8225-A6D3523FB974}.Release|x86.ActiveCfg = Release|Win32
		{BCB177D1-4344-44DC-8225-A6D3523FB974}.Release|x86.Build.0 = Release|Win32
		{91A7BF1A-3E51-461C-BEBF-E86560C7F75F}.Debug|x64.ActiveCfg = Debug|x64
		{91A7BF1A-3E51-461C-BEBF-E86560C7F75F}.Debug|x64.Build.0 = Debug|x64
		{91A7BF1A-3E51-461C-BEBF-E86560C7F75F}.Debug|x86.ActiveCfg = Debug|Win32
		{91A7BF1A-3E51-461C-BEBF-E86560C7F75F}.Debug|x86.Build.0 = Debug|Win32
		{91A7BF1A-3E51-461C-BEBF-E86560C7F75F}.Release|x64.ActiveCfg = Release|x64
		{91A7BF1A-3E51-461C-BEBF-E86560C7F75F}.Release|x64.Build.0 = Release|x64
		{91A7BF1A-3E51-461C-BEBF-E86560C7F75F}.Release|x86.ActiveCfg = Release|Win32
		{91A7BF1A-3E51-461C-BEBF-E86560C7F75F}.Release|x86.Build.0 = Release|Win32
		{51CC2A07-0F0E-44F1-B924-2C086B9CDE9E}.Debug|x64.ActiveCfg = Debug|x64
		{51CC2A07-0F0E-44F1-B924-2C086B9CDE9E}.Debug|x64.Build.0 = Debug|x64
		{51CC2A07-0F0E-44F1-B924-2C086B9CDE9E}.Debug|x86.ActiveCfg = Debug|Win32
		{51CC2A07-0F0E-44F1-B924-2C086B9CDE9E}.Debug|x86.Build.0 = Debug|Win32
		{51CC2A07-0F0E-44F1-B924-2C086B9CDE9E}.Release|x64.ActiveCfg = Release|x64
		{51CC2A07-0F0E-44F1-B924-2C086B9CDE9E}.Release|x64.Build.0 = Release|x64
		{51CC2A07-0F0E-44F1-B924-2C086B9CDE9E}.Release|x86.ActiveCfg = Release|Win32
		{51CC2A07-0F0E-44F1-B924-2C086B9CDE9E}.Release|x86.Build.0 = Release|Win32
		{43AAAFF3-560B-4B9F-8701-C2C90D5F1075}.Debug|x64.ActiveCfg = Debug|x64
		{43AAAFF3-560B-4B9F-8701-C2C90D5F1075}.Debug|x64.Build.0 = Debug|x64
		{43AAAFF3-560B-4B9F-8701-C2C90D5F1075}.Debug|x86.ActiveCfg = Debug|Win32
		{43AAAFF3-560B-4B9F-8701-C2C90D5F1075}.Debug|x86.Build.0 = Debug|Win32
		{43AAAFF3-560B-4B9F-8701-C2C90D5F1075}.Release|x64.ActiveCfg = Release|x64
		{43AAAFF3-560B-4B9F-8701-C2C90D5F1075}.Release|x64.Build.0 = Release|x64
		{43AAAFF3-560B-4B9F-8701-C2C90D5F1075}.Release|x86.ActiveCfg = Release|Win32
		{43AAAFF3-560B-4B9F-8701-C2C90D5F1075}.Release|x86.Build.0 = Release|Win32
		{7CE1D64E-4DBB-4F59-8E86-5C2BEE8B5E03}.Debug|x64.ActiveCfg = Debug|x64
		{7CE1D64E-4DBB-4F59-8E86-5C2BEE8B5E03}.Debug|x64.Build.0 = Debug|x64
		{7CE1D64E-4DBB-4F59-8E86-5C2BEE8B5E03}.Debug|x86.ActiveCfg = Debug|Win32
		{7CE1D64E-4DBB-4F59-8E86-5C2BEE8B5E03}.Debug|x86.Build.0 = Debug|Win32
		{7CE1D64E-4DBB-4F59-8E86-5C2BEE8B5E03}.Release|x64.ActiveCfg = Release|x64
		{7CE1D64E-4DBB-4F59-8E86-5C2BEE8B5E03}.Release|x64.Build.0 = Release|x64
		{7CE1D64E-4DBB-4F59-8E86-5C2BEE8B5E03}.Release|x86.ActiveCfg = Release|Win32
		{7CE1D64E-4DBB-4F59-8E86-5C2BEE8B5E03}.Release|x86.Build.0 = Release|Win32
		{2DB04884-8F26-4E2A-91F1-5614F02C7AF1}.Debug|x64.ActiveCfg = Debug|x64
		{2DB04884-8F26-4E2A-91F1-5614F02C7AF1}.Debug|x64.Build.0 = Debug|x64
		{2DB04884-8F26-4E2A-91F1-5614F02C7AF1}.Debug|x86.ActiveCfg = Debug|Win32
		{2DB04884-8F26-4E2A-91F1-5614F02C7AF1}.Debug|x86.Build.0 = Debug|Win32
		{2DB04884-8F26-4E2A-91F1-5614F02C7AF1}.Release|x64.ActiveCfg = Release|x64
		{2DB04884-8F26-4E2A-91F1-5614F02C7AF1}.Release|x64.Build.0 = Release|x64
		{2DB04884-8F26-4E2A-91F1-5614F02C7AF1}.Release|x86.ActiveCfg = Release|Win32
		{2DB04884-8F26-4E2A-91F1-5614F02C7AF1}.Release|x86.Build.0 = Release|Win32
		{025E2F2D-9FFE-4F4A-BD67-314FCF77D44F}.Debug|x64.ActiveCfg = Debug|x64
		{025E2F2D-9FFE-4F4A-BD67-314FCF77D44F}.Debug|x64.Build.0 = Debug|x64
		{025E2F2D-9FFE-4F4A-BD67-314FCF77D44F}.Debug|x86.ActiveCfg = Debug|Win32
		{025E2F2D-9FFE-4F4A-BD67-314FCF77D44F}.Debug|x86.Build.0 = Debug|Win32
		{025E2F2D-9FFE-4F4A-BD67-314FCF77D44F}.Release|x64.ActiveCfg = Release|x64
		{025E2F2D-9FFE-4F4A-BD67-314FCF77D44F}.Release|x64.Build.0 = Release|x64
		{025E2F2D-9FFE-4F4A-BD67-314FCF77D44F}.Release|x86.ActiveCfg = Release|Win32
		{025E2F2D-9FFE-4F4A-BD67-314FCF77D44F}.Release|x86.Build.0 = Release|Win32
		{8E7A4175-A60C-4780-AF59-6942CA85FFE8}.Debug|x64.ActiveCfg = Debug|x64
		{8E7A4175-A60C-4780-AF59-6942CA85FFE8}.Debug|x64.Build.0 = Debug|x64
		{8E7A4175-A60C-4780-AF59-6942CA85FFE8}.Debug|x86.ActiveCfg = Debug|Win32
		{8E7A4175-A60C-4780-AF59-6942CA85FFE8}.Debug|x86.Build.0 = Debug|Win32
		{8E7A4175-A60C-4780-AF59-6942CA85FFE8}.Release|x64.ActiveCfg = Release|x64
		{8E7A4175-A60C-4780-AF59-6942CA85FFE8}.Release|x64.Build.0 = Release|x64
		{8E7A4175-A60C-4780-AF59-6942CA85FFE8}.Release|x86.ActiveCfg = Release|Win32
		{8E7A4175-A60C-4780-AF59-6942CA85FFE8}.Release|x86.Build.0 = Release|Win32
		{EA7CEFA9-52EB-4812-BB45-F0856A097A33}.Debug|x64.ActiveCfg = Debug|x64
		{EA7CEFA9-52EB-4812-BB45-F0856A097A33}.Debug|x64.Build.0 = Debug|x64
		{EA7CEFA9-52EB-4812-BB45-F0856A097A33}.Debug|x86.ActiveCfg = Debug|Win32
		{EA7CEFA9-52EB-4812-BB45-F0856A097A33}.Debug|x86.Build.0 = Debug|Win32
		{EA7CEFA9-52EB-4812-BB45-F0856A097A33}.Release|x64.ActiveCfg = Release|x64
		{EA7CEFA9-52EB-4812-BB45-F0856A097A33}.Release|x64.Build.0 = Release|x64
		{EA7CEFA9-52EB-4812-BB45-F0856A097A33}.Release|x86.ActiveCfg = Release|Win32
		{EA7CEFA9-52EB-4812-BB45-F0856A097A33}.Release|x86.Build.0 = Release|Win32
	EndGlobalSection
	GlobalSection(SolutionProperties) = preSolution
		HideSolutionNode = FALSE
	EndGlobalSection
	GlobalSection(ExtensibilityGlobals) = postSolution
		SolutionGuid = {D3567BA9-69F7-4BF0-98F7-CDC485A8FE51}
	EndGlobalSection
EndGlobal
